
Microsoft Visual Studio Solution File, Format Version 12.00
# Visual Studio Version 16
VisualStudioVersion = 16.0.31515.178
MinimumVisualStudioVersion = 10.0.40219.1
Project("{8BC9CEB8-8B4A-11D0-8D11-00A0C91BC942}") = "ExpressionEvaluation", "ExpressionEvaluation.vcxproj", "{162E67D2-A83B-4684-B200-664753E801FC}"
EndProject
Project("{8BC9CEB8-8B4A-11D0-8D11-00A0C91BC942}") = "EvaluationTest", "..\EvaluationTest\EvaluationTest.vcxproj", "{C67168A7-8FDE-4581-93D8-3DBE59442982}"
EndProject
Project("{8BC9CEB8-8B4A-11D0-8D11-00A0C91BC942}") = "GuiCalculator", "..\GuiCalculator\GuiCalculator.vcxproj", "{3CE23089-CA8C-4311-AC40-E87A8782FBDF}"
EndProject
Global
	GlobalSection(SolutionConfigurationPlatforms) = preSolution
		Debug|x64 = Debug|x64
		Debug|x86 = Debug|x86
		Release|x64 = Release|x64
		Release|x86 = Release|x86
	EndGlobalSection
	GlobalSection(ProjectConfigurationPlatforms) = postSolution
		{162E67D2-A83B-4684-B200-664753E801FC}.Debug|x64.ActiveCfg = Debug|x64
		{162E67D2-A83B-4684-B200-664753E801FC}.Debug|x64.Build.0 = Debug|x64
		{162E67D2-A83B-4684-B200-664753E801FC}.Debug|x86.ActiveCfg = Debug|Win32
		{162E67D2-A83B-4684-B200-664753E801FC}.Debug|x86.Build.0 = Debug|Win32
		{162E67D2-A83B-4684-B200-664753E801FC}.Release|x64.ActiveCfg = Release|x64
		{162E67D2-A83B-4684-B200-664753E801FC}.Release|x64.Build.0 = Release|x64
		{162E67D2-A83B-4684-B200-664753E801FC}.Release|x86.ActiveCfg = Release|Win32
		{162E67D2-A83B-4684-B200-664753E801FC}.Release|x86.Build.0 = Release|Win32
		{C67168A7-8FDE-4581-93D8-3DBE59442982}.Debug|x64.ActiveCfg = Debug|x64
		{C67168A7-8FDE-4581-93D8-3DBE59442982}.Debug|x64.Build.0 = Debug|x64
		{C67168A7-8FDE-4581-93D8-3DBE59442982}.Debug|x86.ActiveCfg = Debug|Win32
		{C67168A7-8FDE-4581-93D8-3DBE59442982}.Debug|x86.Build.0 = Debug|Win32
		{C67168A7-8FDE-4581-93D8-3DBE59442982}.Release|x64.ActiveCfg = Release|x64
		{C67168A7-8FDE-4581-93D8-3DBE59442982}.Release|x64.Build.0 = Release|x64
		{C67168A7-8FDE-4581-93D8-3DBE59442982}.Release|x86.ActiveCfg = Release|Win32
		{C67168A7-8FDE-4581-93D8-3DBE59442982}.Release|x86.Build.0 = Release|Win32
		{3CE23089-CA8C-4311-AC40-E87A8782FBDF}.Debug|x64.ActiveCfg = Debug|x64
		{3CE23089-CA8C-4311-AC40-E87A8782FBDF}.Debug|x64.Build.0 = Debug|x64
		{3CE23089-CA8C-4311-AC40-E87A8782FBDF}.Debug|x86.ActiveCfg = Debug|Win32
		{3CE23089-CA8C-4311-AC40-E87A8782FBDF}.Debug|x86.Build.0 = Debug|Win32
		{3CE23089-CA8C-4311-AC40-E87A8782FBDF}.Release|x64.ActiveCfg = Release|x64
		{3CE23089-CA8C-4311-AC40-E87A8782FBDF}.Release|x64.Build.0 = Release|x64
		{3CE23089-CA8C-4311-AC40-E87A8782FBDF}.Release|x86.ActiveCfg = Release|Win32
		{3CE23089-CA8C-4311-AC40-E87A8782FBDF}.Release|x86.Build.0 = Release|Win32
	EndGlobalSection
	GlobalSection(SolutionProperties) = preSolution
		HideSolutionNode = FALSE
	EndGlobalSection
	GlobalSection(ExtensibilityGlobals) = postSolution
		SolutionGuid = {10197122-79BB-4C42-A96F-41D31E73C937}
	EndGlobalSection
EndGlobal
